
Microsoft Visual Studio Solution File, Format Version 12.00
# Visual Studio 15
VisualStudioVersion = 15.0.26430.12
MinimumVisualStudioVersion = 10.0.40219.1
Project("{FAE04EC0-301F-11D3-BF4B-00C04F79EFBC}") = "Beatles.Caching.Caches.MemoryCache", "Beatles.Caching.Caches.MemoryCache\Beatles.Caching.Caches.MemoryCache.csproj", "{0A18D19A-A5A4-459B-BC76-0E6DDD83D835}"
EndProject
Project("{FAE04EC0-301F-11D3-BF4B-00C04F79EFBC}") = "Beatles.Caching.Caches.MemoryCache.Tests", "Beatles.Caching.Caches.MemoryCache.Tests\Beatles.Caching.Caches.MemoryCache.Tests.csproj", "{02196ED9-E39A-4E97-A0A6-8728DBE3D300}"
EndProject
Global
	GlobalSection(SolutionConfigurationPlatforms) = preSolution
		Debug|Any CPU = Debug|Any CPU
		Release|Any CPU = Release|Any CPU
	EndGlobalSection
	GlobalSection(ProjectConfigurationPlatforms) = postSolution
		{0A18D19A-A5A4-459B-BC76-0E6DDD83D835}.Debug|Any CPU.ActiveCfg = Debug|Any CPU
		{0A18D19A-A5A4-459B-BC76-0E6DDD83D835}.Debug|Any CPU.Build.0 = Debug|Any CPU
		{0A18D19A-A5A4-459B-BC76-0E6DDD83D835}.Release|Any CPU.ActiveCfg = Release|Any CPU
		{0A18D19A-A5A4-459B-BC76-0E6DDD83D835}.Release|Any CPU.Build.0 = Release|Any CPU
		{02196ED9-E39A-4E97-A0A6-8728DBE3D300}.Debug|Any CPU.ActiveCfg = Debug|Any CPU
		{02196ED9-E39A-4E97-A0A6-8728DBE3D300}.Debug|Any CPU.Build.0 = Debug|Any CPU
		{02196ED9-E39A-4E97-A0A6-8728DBE3D300}.Release|Any CPU.ActiveCfg = Release|Any CPU
		{02196ED9-E39A-4E97-A0A6-8728DBE3D300}.Release|Any CPU.Build.0 = Release|Any CPU
	EndGlobalSection
	GlobalSection(SolutionProperties) = preSolution
		HideSolutionNode = FALSE
	EndGlobalSection
EndGlobal
